// !$*UTF8*$!
{
	archiveVersion = 1;
	classes = {
	};
	objectVersion = 50;
	objects = {

/* Begin PBXBuildFile section */
		34566C16254337F000D1156E /* StAugustineTestAppApp.swift in Sources */ = {isa = PBXBuildFile; fileRef = 34566C15254337F000D1156E /* StAugustineTestAppApp.swift */; };
		34566C18254337F000D1156E /* ContentView.swift in Sources */ = {isa = PBXBuildFile; fileRef = 34566C17254337F000D1156E /* ContentView.swift */; };
		34566C1A254337F100D1156E /* Assets.xcassets in Resources */ = {isa = PBXBuildFile; fileRef = 34566C19254337F100D1156E /* Assets.xcassets */; };
		34566C1D254337F100D1156E /* Preview Assets.xcassets in Resources */ = {isa = PBXBuildFile; fileRef = 34566C1C254337F100D1156E /* Preview Assets.xcassets */; };
		34566C1F254337F100D1156E /* Persistence.swift in Sources */ = {isa = PBXBuildFile; fileRef = 34566C1E254337F100D1156E /* Persistence.swift */; };
		34566C22254337F100D1156E /* StAugustineTestApp.xcdatamodeld in Sources */ = {isa = PBXBuildFile; fileRef = 34566C20254337F100D1156E /* StAugustineTestApp.xcdatamodeld */; };
		34566C2D254337F100D1156E /* StAugustineTestAppTests.swift in Sources */ = {isa = PBXBuildFile; fileRef = 34566C2C254337F100D1156E /* StAugustineTestAppTests.swift */; };
		34566C38254337F100D1156E /* StAugustineTestAppUITests.swift in Sources */ = {isa = PBXBuildFile; fileRef = 34566C37254337F100D1156E /* StAugustineTestAppUITests.swift */; };
		34566C492543382D00D1156E /* HomePageView.swift in Sources */ = {isa = PBXBuildFile; fileRef = 34566C482543382D00D1156E /* HomePageView.swift */; };
/* End PBXBuildFile section */

/* Begin PBXContainerItemProxy section */
		34566C29254337F100D1156E /* PBXContainerItemProxy */ = {
			isa = PBXContainerItemProxy;
			containerPortal = 34566C0A254337F000D1156E /* Project object */;
			proxyType = 1;
			remoteGlobalIDString = 34566C11254337F000D1156E;
			remoteInfo = StAugustineTestApp;
		};
		34566C34254337F100D1156E /* PBXContainerItemProxy */ = {
			isa = PBXContainerItemProxy;
			containerPortal = 34566C0A254337F000D1156E /* Project object */;
			proxyType = 1;
			remoteGlobalIDString = 34566C11254337F000D1156E;
			remoteInfo = StAugustineTestApp;
		};
/* End PBXContainerItemProxy section */

/* Begin PBXFileReference section */
		34566C12254337F000D1156E /* StAugustineTestApp.app */ = {isa = PBXFileReference; explicitFileType = wrapper.application; includeInIndex = 0; path = StAugustineTestApp.app; sourceTree = BUILT_PRODUCTS_DIR; };
		34566C15254337F000D1156E /* StAugustineTestAppApp.swift */ = {isa = PBXFileReference; lastKnownFileType = sourcecode.swift; path = StAugustineTestAppApp.swift; sourceTree = "<group>"; };
		34566C17254337F000D1156E /* ContentView.swift */ = {isa = PBXFileReference; lastKnownFileType = sourcecode.swift; path = ContentView.swift; sourceTree = "<group>"; };
		34566C19254337F100D1156E /* Assets.xcassets */ = {isa = PBXFileReference; lastKnownFileType = folder.assetcatalog; path = Assets.xcassets; sourceTree = "<group>"; };
		34566C1C254337F100D1156E /* Preview Assets.xcassets */ = {isa = PBXFileReference; lastKnownFileType = folder.assetcatalog; path = "Preview Assets.xcassets"; sourceTree = "<group>"; };
		34566C1E254337F100D1156E /* Persistence.swift */ = {isa = PBXFileReference; lastKnownFileType = sourcecode.swift; path = Persistence.swift; sourceTree = "<group>"; };
		34566C21254337F100D1156E /* StAugustineTestApp.xcdatamodel */ = {isa = PBXFileReference; lastKnownFileType = wrapper.xcdatamodel; path = StAugustineTestApp.xcdatamodel; sourceTree = "<group>"; };
		34566C23254337F100D1156E /* Info.plist */ = {isa = PBXFileReference; lastKnownFileType = text.plist.xml; path = Info.plist; sourceTree = "<group>"; };
		34566C28254337F100D1156E /* StAugustineTestAppTests.xctest */ = {isa = PBXFileReference; explicitFileType = wrapper.cfbundle; includeInIndex = 0; path = StAugustineTestAppTests.xctest; sourceTree = BUILT_PRODUCTS_DIR; };
		34566C2C254337F100D1156E /* StAugustineTestAppTests.swift */ = {isa = PBXFileReference; lastKnownFileType = sourcecode.swift; path = StAugustineTestAppTests.swift; sourceTree = "<group>"; };
		34566C2E254337F100D1156E /* Info.plist */ = {isa = PBXFileReference; lastKnownFileType = text.plist.xml; path = Info.plist; sourceTree = "<group>"; };
		34566C33254337F100D1156E /* StAugustineTestAppUITests.xctest */ = {isa = PBXFileReference; explicitFileType = wrapper.cfbundle; includeInIndex = 0; path = StAugustineTestAppUITests.xctest; sourceTree = BUILT_PRODUCTS_DIR; };
		34566C37254337F100D1156E /* StAugustineTestAppUITests.swift */ = {isa = PBXFileReference; lastKnownFileType = sourcecode.swift; path = StAugustineTestAppUITests.swift; sourceTree = "<group>"; };
		34566C39254337F100D1156E /* Info.plist */ = {isa = PBXFileReference; lastKnownFileType = text.plist.xml; path = Info.plist; sourceTree = "<group>"; };
		34566C482543382D00D1156E /* HomePageView.swift */ = {isa = PBXFileReference; lastKnownFileType = sourcecode.swift; path = HomePageView.swift; sourceTree = "<group>"; };
/* End PBXFileReference section */

/* Begin PBXFrameworksBuildPhase section */
		34566C0F254337F000D1156E /* Frameworks */ = {
			isa = PBXFrameworksBuildPhase;
			buildActionMask = 2147483647;
			files = (
			);
			runOnlyForDeploymentPostprocessing = 0;
		};
		34566C25254337F100D1156E /* Frameworks */ = {
			isa = PBXFrameworksBuildPhase;
			buildActionMask = 2147483647;
			files = (
			);
			runOnlyForDeploymentPostprocessing = 0;
		};
		34566C30254337F100D1156E /* Frameworks */ = {
			isa = PBXFrameworksBuildPhase;
			buildActionMask = 2147483647;
			files = (
			);
			runOnlyForDeploymentPostprocessing = 0;
		};
/* End PBXFrameworksBuildPhase section */

/* Begin PBXGroup section */
		34566C09254337F000D1156E = {
			isa = PBXGroup;
			children = (
				34566C14254337F000D1156E /* StAugustineTestApp */,
				34566C2B254337F100D1156E /* StAugustineTestAppTests */,
				34566C36254337F100D1156E /* StAugustineTestAppUITests */,
				34566C13254337F000D1156E /* Products */,
			);
			sourceTree = "<group>";
		};
		34566C13254337F000D1156E /* Products */ = {
			isa = PBXGroup;
			children = (
				34566C12254337F000D1156E /* StAugustineTestApp.app */,
				34566C28254337F100D1156E /* StAugustineTestAppTests.xctest */,
				34566C33254337F100D1156E /* StAugustineTestAppUITests.xctest */,
			);
			name = Products;
			sourceTree = "<group>";
		};
		34566C14254337F000D1156E /* StAugustineTestApp */ = {
			isa = PBXGroup;
			children = (
				34566C15254337F000D1156E /* StAugustineTestAppApp.swift */,
				34566C17254337F000D1156E /* ContentView.swift */,
				34566C482543382D00D1156E /* HomePageView.swift */,
				34566C19254337F100D1156E /* Assets.xcassets */,
				34566C1E254337F100D1156E /* Persistence.swift */,
				34566C23254337F100D1156E /* Info.plist */,
				34566C20254337F100D1156E /* StAugustineTestApp.xcdatamodeld */,
				34566C1B254337F100D1156E /* Preview Content */,
			);
			path = StAugustineTestApp;
			sourceTree = "<group>";
		};
		34566C1B254337F100D1156E /* Preview Content */ = {
			isa = PBXGroup;
			children = (
				34566C1C254337F100D1156E /* Preview Assets.xcassets */,
			);
			path = "Preview Content";
			sourceTree = "<group>";
		};
		34566C2B254337F100D1156E /* StAugustineTestAppTests */ = {
			isa = PBXGroup;
			children = (
				34566C2C254337F100D1156E /* StAugustineTestAppTests.swift */,
				34566C2E254337F100D1156E /* Info.plist */,
			);
			path = StAugustineTestAppTests;
			sourceTree = "<group>";
		};
		34566C36254337F100D1156E /* StAugustineTestAppUITests */ = {
			isa = PBXGroup;
			children = (
				34566C37254337F100D1156E /* StAugustineTestAppUITests.swift */,
				34566C39254337F100D1156E /* Info.plist */,
			);
			path = StAugustineTestAppUITests;
			sourceTree = "<group>";
		};
/* End PBXGroup section */

/* Begin PBXNativeTarget section */
		34566C11254337F000D1156E /* StAugustineTestApp */ = {
			isa = PBXNativeTarget;
			buildConfigurationList = 34566C3C254337F100D1156E /* Build configuration list for PBXNativeTarget "StAugustineTestApp" */;
			buildPhases = (
				34566C0E254337F000D1156E /* Sources */,
				34566C0F254337F000D1156E /* Frameworks */,
				34566C10254337F000D1156E /* Resources */,
			);
			buildRules = (
			);
			dependencies = (
			);
			name = StAugustineTestApp;
			productName = StAugustineTestApp;
			productReference = 34566C12254337F000D1156E /* StAugustineTestApp.app */;
			productType = "com.apple.product-type.application";
		};
		34566C27254337F100D1156E /* StAugustineTestAppTests */ = {
			isa = PBXNativeTarget;
			buildConfigurationList = 34566C3F254337F100D1156E /* Build configuration list for PBXNativeTarget "StAugustineTestAppTests" */;
			buildPhases = (
				34566C24254337F100D1156E /* Sources */,
				34566C25254337F100D1156E /* Frameworks */,
				34566C26254337F100D1156E /* Resources */,
			);
			buildRules = (
			);
			dependencies = (
				34566C2A254337F100D1156E /* PBXTargetDependency */,
			);
			name = StAugustineTestAppTests;
			productName = StAugustineTestAppTests;
			productReference = 34566C28254337F100D1156E /* StAugustineTestAppTests.xctest */;
			productType = "com.apple.product-type.bundle.unit-test";
		};
		34566C32254337F100D1156E /* StAugustineTestAppUITests */ = {
			isa = PBXNativeTarget;
			buildConfigurationList = 34566C42254337F100D1156E /* Build configuration list for PBXNativeTarget "StAugustineTestAppUITests" */;
			buildPhases = (
				34566C2F254337F100D1156E /* Sources */,
				34566C30254337F100D1156E /* Frameworks */,
				34566C31254337F100D1156E /* Resources */,
			);
			buildRules = (
			);
			dependencies = (
				34566C35254337F100D1156E /* PBXTargetDependency */,
			);
			name = StAugustineTestAppUITests;
			productName = StAugustineTestAppUITests;
			productReference = 34566C33254337F100D1156E /* StAugustineTestAppUITests.xctest */;
			productType = "com.apple.product-type.bundle.ui-testing";
		};
/* End PBXNativeTarget section */

/* Begin PBXProject section */
		34566C0A254337F000D1156E /* Project object */ = {
			isa = PBXProject;
			attributes = {
				LastSwiftUpdateCheck = 1200;
				LastUpgradeCheck = 1200;
				TargetAttributes = {
					34566C11254337F000D1156E = {
						CreatedOnToolsVersion = 12.0.1;
					};
					34566C27254337F100D1156E = {
						CreatedOnToolsVersion = 12.0.1;
						TestTargetID = 34566C11254337F000D1156E;
					};
					34566C32254337F100D1156E = {
						CreatedOnToolsVersion = 12.0.1;
						TestTargetID = 34566C11254337F000D1156E;
					};
				};
			};
			buildConfigurationList = 34566C0D254337F000D1156E /* Build configuration list for PBXProject "StAugustineTestApp" */;
			compatibilityVersion = "Xcode 9.3";
			developmentRegion = en;
			hasScannedForEncodings = 0;
			knownRegions = (
				en,
				Base,
			);
			mainGroup = 34566C09254337F000D1156E;
			productRefGroup = 34566C13254337F000D1156E /* Products */;
			projectDirPath = "";
			projectRoot = "";
			targets = (
				34566C11254337F000D1156E /* StAugustineTestApp */,
				34566C27254337F100D1156E /* StAugustineTestAppTests */,
				34566C32254337F100D1156E /* StAugustineTestAppUITests */,
			);
		};
/* End PBXProject section */

/* Begin PBXResourcesBuildPhase section */
		34566C10254337F000D1156E /* Resources */ = {
			isa = PBXResourcesBuildPhase;
			buildActionMask = 2147483647;
			files = (
				34566C1D254337F100D1156E /* Preview Assets.xcassets in Resources */,
				34566C1A254337F100D1156E /* Assets.xcassets in Resources */,
			);
			runOnlyForDeploymentPostprocessing = 0;
		};
		34566C26254337F100D1156E /* Resources */ = {
			isa = PBXResourcesBuildPhase;
			buildActionMask = 2147483647;
			files = (
			);
			runOnlyForDeploymentPostprocessing = 0;
		};
		34566C31254337F100D1156E /* Resources */ = {
			isa = PBXResourcesBuildPhase;
			buildActionMask = 2147483647;
			files = (
			);
			runOnlyForDeploymentPostprocessing = 0;
		};
/* End PBXResourcesBuildPhase section */

/* Begin PBXSourcesBuildPhase section */
		34566C0E254337F000D1156E /* Sources */ = {
			isa = PBXSourcesBuildPhase;
			buildActionMask = 2147483647;
			files = (
				34566C22254337F100D1156E /* StAugustineTestApp.xcdatamodeld in Sources */,
				34566C1F254337F100D1156E /* Persistence.swift in Sources */,
				34566C18254337F000D1156E /* ContentView.swift in Sources */,
				34566C16254337F000D1156E /* StAugustineTestAppApp.swift in Sources */,
				34566C492543382D00D1156E /* HomePageView.swift in Sources */,
			);
			runOnlyForDeploymentPostprocessing = 0;
		};
		34566C24254337F100D1156E /* Sources */ = {
			isa = PBXSourcesBuildPhase;
			buildActionMask = 2147483647;
			files = (
				34566C2D254337F100D1156E /* StAugustineTestAppTests.swift in Sources */,
			);
			runOnlyForDeploymentPostprocessing = 0;
		};
		34566C2F254337F100D1156E /* Sources */ = {
			isa = PBXSourcesBuildPhase;
			buildActionMask = 2147483647;
			files = (
				34566C38254337F100D1156E /* StAugustineTestAppUITests.swift in Sources */,
			);
			runOnlyForDeploymentPostprocessing = 0;
		};
/* End PBXSourcesBuildPhase section */

/* Begin PBXTargetDependency section */
		34566C2A254337F100D1156E /* PBXTargetDependency */ = {
			isa = PBXTargetDependency;
			target = 34566C11254337F000D1156E /* StAugustineTestApp */;
			targetProxy = 34566C29254337F100D1156E /* PBXContainerItemProxy */;
		};
		34566C35254337F100D1156E /* PBXTargetDependency */ = {
			isa = PBXTargetDependency;
			target = 34566C11254337F000D1156E /* StAugustineTestApp */;
			targetProxy = 34566C34254337F100D1156E /* PBXContainerItemProxy */;
		};
/* End PBXTargetDependency section */

/* Begin XCBuildConfiguration section */
		34566C3A254337F100D1156E /* Debug */ = {
			isa = XCBuildConfiguration;
			buildSettings = {
				ALWAYS_SEARCH_USER_PATHS = NO;
				CLANG_ANALYZER_NONNULL = YES;
				CLANG_ANALYZER_NUMBER_OBJECT_CONVERSION = YES_AGGRESSIVE;
				CLANG_CXX_LANGUAGE_STANDARD = "gnu++14";
				CLANG_CXX_LIBRARY = "libc++";
				CLANG_ENABLE_MODULES = YES;
				CLANG_ENABLE_OBJC_ARC = YES;
				CLANG_ENABLE_OBJC_WEAK = YES;
				CLANG_WARN_BLOCK_CAPTURE_AUTORELEASING = YES;
				CLANG_WARN_BOOL_CONVERSION = YES;
				CLANG_WARN_COMMA = YES;
				CLANG_WARN_CONSTANT_CONVERSION = YES;
				CLANG_WARN_DEPRECATED_OBJC_IMPLEMENTATIONS = YES;
				CLANG_WARN_DIRECT_OBJC_ISA_USAGE = YES_ERROR;
				CLANG_WARN_DOCUMENTATION_COMMENTS = YES;
				CLANG_WARN_EMPTY_BODY = YES;
				CLANG_WARN_ENUM_CONVERSION = YES;
				CLANG_WARN_INFINITE_RECURSION = YES;
				CLANG_WARN_INT_CONVERSION = YES;
				CLANG_WARN_NON_LITERAL_NULL_CONVERSION = YES;
				CLANG_WARN_OBJC_IMPLICIT_RETAIN_SELF = YES;
				CLANG_WARN_OBJC_LITERAL_CONVERSION = YES;
				CLANG_WARN_OBJC_ROOT_CLASS = YES_ERROR;
				CLANG_WARN_QUOTED_INCLUDE_IN_FRAMEWORK_HEADER = YES;
				CLANG_WARN_RANGE_LOOP_ANALYSIS = YES;
				CLANG_WARN_STRICT_PROTOTYPES = YES;
				CLANG_WARN_SUSPICIOUS_MOVE = YES;
				CLANG_WARN_UNGUARDED_AVAILABILITY = YES_AGGRESSIVE;
				CLANG_WARN_UNREACHABLE_CODE = YES;
				CLANG_WARN__DUPLICATE_METHOD_MATCH = YES;
				COPY_PHASE_STRIP = NO;
				DEBUG_INFORMATION_FORMAT = dwarf;
				ENABLE_STRICT_OBJC_MSGSEND = YES;
				ENABLE_TESTABILITY = YES;
				GCC_C_LANGUAGE_STANDARD = gnu11;
				GCC_DYNAMIC_NO_PIC = NO;
				GCC_NO_COMMON_BLOCKS = YES;
				GCC_OPTIMIZATION_LEVEL = 0;
				GCC_PREPROCESSOR_DEFINITIONS = (
					"DEBUG=1",
					"$(inherited)",
				);
				GCC_WARN_64_TO_32_BIT_CONVERSION = YES;
				GCC_WARN_ABOUT_RETURN_TYPE = YES_ERROR;
				GCC_WARN_UNDECLARED_SELECTOR = YES;
				GCC_WARN_UNINITIALIZED_AUTOS = YES_AGGRESSIVE;
				GCC_WARN_UNUSED_FUNCTION = YES;
				GCC_WARN_UNUSED_VARIABLE = YES;
				IPHONEOS_DEPLOYMENT_TARGET = 14.0;
				MTL_ENABLE_DEBUG_INFO = INCLUDE_SOURCE;
				MTL_FAST_MATH = YES;
				ONLY_ACTIVE_ARCH = YES;
				SDKROOT = iphoneos;
				SWIFT_ACTIVE_COMPILATION_CONDITIONS = DEBUG;
				SWIFT_OPTIMIZATION_LEVEL = "-Onone";
			};
			name = Debug;
		};
		34566C3B254337F100D1156E /* Release */ = {
			isa = XCBuildConfiguration;
			buildSettings = {
				ALWAYS_SEARCH_USER_PATHS = NO;
				CLANG_ANALYZER_NONNULL = YES;
				CLANG_ANALYZER_NUMBER_OBJECT_CONVERSION = YES_AGGRESSIVE;
				CLANG_CXX_LANGUAGE_STANDARD = "gnu++14";
				CLANG_CXX_LIBRARY = "libc++";
				CLANG_ENABLE_MODULES = YES;
				CLANG_ENABLE_OBJC_ARC = YES;
				CLANG_ENABLE_OBJC_WEAK = YES;
				CLANG_WARN_BLOCK_CAPTURE_AUTORELEASING = YES;
				CLANG_WARN_BOOL_CONVERSION = YES;
				CLANG_WARN_COMMA = YES;
				CLANG_WARN_CONSTANT_CONVERSION = YES;
				CLANG_WARN_DEPRECATED_OBJC_IMPLEMENTATIONS = YES;
				CLANG_WARN_DIRECT_OBJC_ISA_USAGE = YES_ERROR;
				CLANG_WARN_DOCUMENTATION_COMMENTS = YES;
				CLANG_WARN_EMPTY_BODY = YES;
				CLANG_WARN_ENUM_CONVERSION = YES;
				CLANG_WARN_INFINITE_RECURSION = YES;
				CLANG_WARN_INT_CONVERSION = YES;
				CLANG_WARN_NON_LITERAL_NULL_CONVERSION = YES;
				CLANG_WARN_OBJC_IMPLICIT_RETAIN_SELF = YES;
				CLANG_WARN_OBJC_LITERAL_CONVERSION = YES;
				CLANG_WARN_OBJC_ROOT_CLASS = YES_ERROR;
				CLANG_WARN_QUOTED_INCLUDE_IN_FRAMEWORK_HEADER = YES;
				CLANG_WARN_RANGE_LOOP_ANALYSIS = YES;
				CLANG_WARN_STRICT_PROTOTYPES = YES;
				CLANG_WARN_SUSPICIOUS_MOVE = YES;
				CLANG_WARN_UNGUARDED_AVAILABILITY = YES_AGGRESSIVE;
				CLANG_WARN_UNREACHABLE_CODE = YES;
				CLANG_WARN__DUPLICATE_METHOD_MATCH = YES;
				COPY_PHASE_STRIP = NO;
				DEBUG_INFORMATION_FORMAT = "dwarf-with-dsym";
				ENABLE_NS_ASSERTIONS = NO;
				ENABLE_STRICT_OBJC_MSGSEND = YES;
				GCC_C_LANGUAGE_STANDARD = gnu11;
				GCC_NO_COMMON_BLOCKS = YES;
				GCC_WARN_64_TO_32_BIT_CONVERSION = YES;
				GCC_WARN_ABOUT_RETURN_TYPE = YES_ERROR;
				GCC_WARN_UNDECLARED_SELECTOR = YES;
				GCC_WARN_UNINITIALIZED_AUTOS = YES_AGGRESSIVE;
				GCC_WARN_UNUSED_FUNCTION = YES;
				GCC_WARN_UNUSED_VARIABLE = YES;
				IPHONEOS_DEPLOYMENT_TARGET = 14.0;
				MTL_ENABLE_DEBUG_INFO = NO;
				MTL_FAST_MATH = YES;
				SDKROOT = iphoneos;
				SWIFT_COMPILATION_MODE = wholemodule;
				SWIFT_OPTIMIZATION_LEVEL = "-O";
				VALIDATE_PRODUCT = YES;
			};
			name = Release;
		};
		34566C3D254337F100D1156E /* Debug */ = {
			isa = XCBuildConfiguration;
			buildSettings = {
				ASSETCATALOG_COMPILER_APPICON_NAME = AppIcon;
				ASSETCATALOG_COMPILER_GLOBAL_ACCENT_COLOR_NAME = AccentColor;
				CODE_SIGN_STYLE = Automatic;
				DEVELOPMENT_ASSET_PATHS = "\"StAugustineTestApp/Preview Content\"";
				ENABLE_PREVIEWS = YES;
				INFOPLIST_FILE = StAugustineTestApp/Info.plist;
				IPHONEOS_DEPLOYMENT_TARGET = 14.0;
				LD_RUNPATH_SEARCH_PATHS = (
					"$(inherited)",
					"@executable_path/Frameworks",
				);
				PRODUCT_BUNDLE_IDENTIFIER = Com.mm.StAugustineTestApp;
				PRODUCT_NAME = "$(TARGET_NAME)";
				SWIFT_VERSION = 5.0;
				TARGETED_DEVICE_FAMILY = "1,2";
			};
			name = Debug;
		};
		34566C3E254337F100D1156E /* Release */ = {
			isa = XCBuildConfiguration;
			buildSettings = {
				ASSETCATALOG_COMPILER_APPICON_NAME = AppIcon;
				ASSETCATALOG_COMPILER_GLOBAL_ACCENT_COLOR_NAME = AccentColor;
				CODE_SIGN_STYLE = Automatic;
				DEVELOPMENT_ASSET_PATHS = "\"StAugustineTestApp/Preview Content\"";
				ENABLE_PREVIEWS = YES;
				INFOPLIST_FILE = StAugustineTestApp/Info.plist;
				IPHONEOS_DEPLOYMENT_TARGET = 14.0;
				LD_RUNPATH_SEARCH_PATHS = (
					"$(inherited)",
					"@executable_path/Frameworks",
				);
				PRODUCT_BUNDLE_IDENTIFIER = Com.mm.StAugustineTestApp;
				PRODUCT_NAME = "$(TARGET_NAME)";
				SWIFT_VERSION = 5.0;
				TARGETED_DEVICE_FAMILY = "1,2";
			};
			name = Release;
		};
		34566C40254337F100D1156E /* Debug */ = {
			isa = XCBuildConfiguration;
			buildSettings = {
				ALWAYS_EMBED_SWIFT_STANDARD_LIBRARIES = YES;
				BUNDLE_LOADER = "$(TEST_HOST)";
				CODE_SIGN_STYLE = Automatic;
				INFOPLIST_FILE = StAugustineTestAppTests/Info.plist;
				IPHONEOS_DEPLOYMENT_TARGET = 14.0;
				LD_RUNPATH_SEARCH_PATHS = (
					"$(inherited)",
					"@executable_path/Frameworks",
					"@loader_path/Frameworks",
				);
				PRODUCT_BUNDLE_IDENTIFIER = Com.mm.StAugustineTestAppTests;
				PRODUCT_NAME = "$(TARGET_NAME)";
				SWIFT_VERSION = 5.0;
				TARGETED_DEVICE_FAMILY = "1,2";
				TEST_HOST = "$(BUILT_PRODUCTS_DIR)/StAugustineTestApp.app/StAugustineTestApp";
			};
			name = Debug;
		};
		34566C41254337F100D1156E /* Release */ = {
			isa = XCBuildConfiguration;
			buildSettings = {
				ALWAYS_EMBED_SWIFT_STANDARD_LIBRARIES = YES;
				BUNDLE_LOADER = "$(TEST_HOST)";
				CODE_SIGN_STYLE = Automatic;
				INFOPLIST_FILE = StAugustineTestAppTests/Info.plist;
				IPHONEOS_DEPLOYMENT_TARGET = 14.0;
				LD_RUNPATH_SEARCH_PATHS = (
					"$(inherited)",
					"@executable_path/Frameworks",
					"@loader_path/Frameworks",
				);
				PRODUCT_BUNDLE_IDENTIFIER = Com.mm.StAugustineTestAppTests;
				PRODUCT_NAME = "$(TARGET_NAME)";
				SWIFT_VERSION = 5.0;
				TARGETED_DEVICE_FAMILY = "1,2";
				TEST_HOST = "$(BUILT_PRODUCTS_DIR)/StAugustineTestApp.app/StAugustineTestApp";
			};
			name = Release;
		};
		34566C43254337F100D1156E /* Debug */ = {
			isa = XCBuildConfiguration;
			buildSettings = {
				ALWAYS_EMBED_SWIFT_STANDARD_LIBRARIES = YES;
				CODE_SIGN_STYLE = Automatic;
				INFOPLIST_FILE = StAugustineTestAppUITests/Info.plist;
				LD_RUNPATH_SEARCH_PATHS = (
					"$(inherited)",
					"@executable_path/Frameworks",
					"@loader_path/Frameworks",
				);
				PRODUCT_BUNDLE_IDENTIFIER = Com.mm.StAugustineTestAppUITests;
				PRODUCT_NAME = "$(TARGET_NAME)";
				SWIFT_VERSION = 5.0;
				TARGETED_DEVICE_FAMILY = "1,2";
				TEST_TARGET_NAME = StAugustineTestApp;
			};
			name = Debug;
		};
		34566C44254337F100D1156E /* Release */ = {
			isa = XCBuildConfiguration;
			buildSettings = {
				ALWAYS_EMBED_SWIFT_STANDARD_LIBRARIES = YES;
				CODE_SIGN_STYLE = Automatic;
				INFOPLIST_FILE = StAugustineTestAppUITests/Info.plist;
				LD_RUNPATH_SEARCH_PATHS = (
					"$(inherited)",
					"@executable_path/Frameworks",
					"@loader_path/Frameworks",
				);
				PRODUCT_BUNDLE_IDENTIFIER = Com.mm.StAugustineTestAppUITests;
				PRODUCT_NAME = "$(TARGET_NAME)";
				SWIFT_VERSION = 5.0;
				TARGETED_DEVICE_FAMILY = "1,2";
				TEST_TARGET_NAME = StAugustineTestApp;
			};
			name = Release;
		};
/* End XCBuildConfiguration section */

/* Begin XCConfigurationList section */
		34566C0D254337F000D1156E /* Build configuration list for PBXProject "StAugustineTestApp" */ = {
			isa = XCConfigurationList;
			buildConfigurations = (
				34566C3A254337F100D1156E /* Debug */,
				34566C3B254337F100D1156E /* Release */,
			);
			defaultConfigurationIsVisible = 0;
			defaultConfigurationName = Release;
		};
		34566C3C254337F100D1156E /* Build configuration list for PBXNativeTarget "StAugustineTestApp" */ = {
			isa = XCConfigurationList;
			buildConfigurations = (
				34566C3D254337F100D1156E /* Debug */,
				34566C3E254337F100D1156E /* Release */,
			);
			defaultConfigurationIsVisible = 0;
			defaultConfigurationName = Release;
		};
		34566C3F254337F100D1156E /* Build configuration list for PBXNativeTarget "StAugustineTestAppTests" */ = {
			isa = XCConfigurationList;
			buildConfigurations = (
				34566C40254337F100D1156E /* Debug */,
				34566C41254337F100D1156E /* Release */,
			);
			defaultConfigurationIsVisible = 0;
			defaultConfigurationName = Release;
		};
		34566C42254337F100D1156E /* Build configuration list for PBXNativeTarget "StAugustineTestAppUITests" */ = {
			isa = XCConfigurationList;
			buildConfigurations = (
				34566C43254337F100D1156E /* Debug */,
				34566C44254337F100D1156E /* Release */,
			);
			defaultConfigurationIsVisible = 0;
			defaultConfigurationName = Release;
		};
/* End XCConfigurationList section */

/* Begin XCVersionGroup section */
		34566C20254337F100D1156E /* StAugustineTestApp.xcdatamodeld */ = {
			isa = XCVersionGroup;
			children = (
				34566C21254337F100D1156E /* StAugustineTestApp.xcdatamodel */,
			);
			currentVersion = 34566C21254337F100D1156E /* StAugustineTestApp.xcdatamodel */;
			path = StAugustineTestApp.xcdatamodeld;
			sourceTree = "<group>";
			versionGroupType = wrapper.xcdatamodel;
		};
/* End XCVersionGroup section */
	};
	rootObject = 34566C0A254337F000D1156E /* Project object */;
}
